
Microsoft Visual Studio Solution File, Format Version 12.00
# Visual Studio Version 17
VisualStudioVersion = 17.8.34330.188
MinimumVisualStudioVersion = 10.0.40219.1
Project("{FAE04EC0-301F-11D3-BF4B-00C04F79EFBC}") = "SchoolDb", "SchoolDb\SchoolDb.csproj", "{A42A4BF8-A764-44F1-A2FD-341CA13A1CC8}"
EndProject
Global
	GlobalSection(SolutionConfigurationPlatforms) = preSolution
		Debug|Any CPU = Debug|Any CPU
		Release|Any CPU = Release|Any CPU
	EndGlobalSection
	GlobalSection(ProjectConfigurationPlatforms) = postSolution
		{A42A4BF8-A764-44F1-A2FD-341CA13A1CC8}.Debug|Any CPU.ActiveCfg = Debug|Any CPU
		{A42A4BF8-A764-44F1-A2FD-341CA13A1CC8}.Debug|Any CPU.Build.0 = Debug|Any CPU
		{A42A4BF8-A764-44F1-A2FD-341CA13A1CC8}.Release|Any CPU.ActiveCfg = Release|Any CPU
		{A42A4BF8-A764-44F1-A2FD-341CA13A1CC8}.Release|Any CPU.Build.0 = Release|Any CPU
	EndGlobalSection
	GlobalSection(SolutionProperties) = preSolution
		HideSolutionNode = FALSE
	EndGlobalSection
	GlobalSection(ExtensibilityGlobals) = postSolution
		SolutionGuid = {574E671D-575F-4661-95BE-C03E50BF2163}
	EndGlobalSection
EndGlobal
